%{"cowboy": {:hex, :cowboy, "1.1.2", "61ac29ea970389a88eca5a65601460162d370a70018afe6f949a29dca91f3bb0", [:rebar3], [{:cowlib, "~> 1.0.2", [hex: :cowlib, optional: false]}, {:ranch, "~> 1.3.2", [hex: :ranch, optional: false]}]},
  "cowlib": {:hex, :cowlib, "1.0.2", "9d769a1d062c9c3ac753096f868ca121e2730b9a377de23dec0f7e08b1df84ee", [:make], []},
  "gettext": {:hex, :gettext, "0.13.1", "5e0daf4e7636d771c4c71ad5f3f53ba09a9ae5c250e1ab9c42ba9edccc476263", [:mix], []},
  "hamcrest": {:hex, :basho_hamcrest, "0.4.1", "fb7b2c92d252a1e9db936750b86089addaebeb8f87967fb4bbdda61e8863338e", [:make, :mix, :rebar3], []},
  "linguist": {:hex, :linguist, "0.1.5", "98739fc47ac5d951322a57c787f46786c95b53d800105d43a0631633e7f9da9b", [:mix], []},
  "mime": {:hex, :mime, "1.1.0", "01c1d6f4083d8aa5c7b8c246ade95139620ef8effb009edde934e0ec3b28090a", [:mix], []},
  "phoenix": {:hex, :phoenix, "1.2.1", "6dc592249ab73c67575769765b66ad164ad25d83defa3492dc6ae269bd2a68ab", [:mix], [{:cowboy, "~> 1.0", [hex: :cowboy, optional: true]}, {:phoenix_pubsub, "~> 1.0", [hex: :phoenix_pubsub, optional: false]}, {:plug, "~> 1.1", [hex: :plug, optional: false]}, {:poison, "~> 1.5 or ~> 2.0", [hex: :poison, optional: false]}]},
  "phoenix_pubsub": {:hex, :phoenix_pubsub, "1.0.1", "c10ddf6237007c804bf2b8f3c4d5b99009b42eca3a0dfac04ea2d8001186056a", [:mix], []},
  "plug": {:hex, :plug, "1.3.2", "8391d8ba2e2c187de069211110a882599e851f64550c556163b5130e1e2dbc1b", [:mix], [{:cowboy, "~> 1.0.1 or ~> 1.1", [hex: :cowboy, optional: true]}, {:mime, "~> 1.0", [hex: :mime, optional: false]}]},
  "poison": {:hex, :poison, "2.2.0", "4763b69a8a77bd77d26f477d196428b741261a761257ff1cf92753a0d4d24a63", [:mix], []},
  "pooler": {:hex, :pooler, "1.5.0", "0fd4be5d2976e6a2e9a1617623031758c26f200c1fca89e4a3c542747bec6371", [:make, :rebar], []},
  "ranch": {:hex, :ranch, "1.3.2", "e4965a144dc9fbe70e5c077c65e73c57165416a901bd02ea899cfd95aa890986", [:rebar3], []},
  "riak": {:hex, :riak, "1.1.1", "7099485cfd2a6d9386b43c145142ee77c8eeaf48040eb4494e337cea637045cc", [:mix], [{:linguist, "~> 0.1", [hex: :linguist, optional: false]}, {:pooler, "~> 1.5", [hex: :pooler, optional: false]}, {:riakc, "~> 2.5", [hex: :riakc, optional: false]}]},
  "riak_pb": {:hex, :riak_pb, "2.3.2", "48ffbf66dbb3f136ab9a7134bac4e496754baa5ef58c4f50a61326736d996390", [:make, :mix, :rebar3], [{:hamcrest, "~> 0.4.1", [hex: :basho_hamcrest, optional: false]}]},
  "riakc": {:hex, :riakc, "2.5.3", "6132d9e687a0dfd314b2b24c4594302ca8b55568a5d733c491d8fb6cd4004763", [:make, :mix, :rebar3], [{:riak_pb, "~> 2.3", [hex: :riak_pb, optional: false]}]}}
